
Microsoft Visual Studio Solution File, Format Version 12.00
# Visual Studio Version 16
VisualStudioVersion = 16.0.31005.135
MinimumVisualStudioVersion = 10.0.40219.1
Project("{FAE04EC0-301F-11D3-BF4B-00C04F79EFBC}") = "TicTacToe", "TicTacToe.csproj", "{9F4FDD9D-5976-4950-B466-CE7A6118331C}"
EndProject
Global
	GlobalSection(SolutionConfigurationPlatforms) = preSolution
		Debug|Any CPU = Debug|Any CPU
		Release|Any CPU = Release|Any CPU
	EndGlobalSection
	GlobalSection(ProjectConfigurationPlatforms) = postSolution
		{9F4FDD9D-5976-4950-B466-CE7A6118331C}.Debug|Any CPU.ActiveCfg = Debug|Any CPU
		{9F4FDD9D-5976-4950-B466-CE7A6118331C}.Debug|Any CPU.Build.0 = Debug|Any CPU
		{9F4FDD9D-5976-4950-B466-CE7A6118331C}.Release|Any CPU.ActiveCfg = Release|Any CPU
		{9F4FDD9D-5976-4950-B466-CE7A6118331C}.Release|Any CPU.Build.0 = Release|Any CPU
	EndGlobalSection
	GlobalSection(SolutionProperties) = preSolution
		HideSolutionNode = FALSE
	EndGlobalSection
	GlobalSection(ExtensibilityGlobals) = postSolution
		SolutionGuid = {D1440DDA-28D0-42FF-B5E9-803E28114E93}
	EndGlobalSection
EndGlobal
